
Microsoft Visual Studio Solution File, Format Version 12.00
# Visual Studio 2013
VisualStudioVersion = 12.0.30110.0
MinimumVisualStudioVersion = 10.0.40219.1
Project("{FAE04EC0-301F-11D3-BF4B-00C04F79EFBC}") = "BattleShots.Models", "BattleShots.Models\BattleShots.Models.csproj", "{1A8A46F1-1AF3-46D2-A9BF-E8E1A9B97FC9}"
EndProject
Project("{FAE04EC0-301F-11D3-BF4B-00C04F79EFBC}") = "BattleShots.Server", "BattleShots.Server\BattleShots.Server.csproj", "{A827FAFF-D343-4F08-8463-FAB5E8C571A9}"
EndProject
Global
	GlobalSection(SolutionConfigurationPlatforms) = preSolution
		Debug|Any CPU = Debug|Any CPU
		Release|Any CPU = Release|Any CPU
	EndGlobalSection
	GlobalSection(ProjectConfigurationPlatforms) = postSolution
		{1A8A46F1-1AF3-46D2-A9BF-E8E1A9B97FC9}.Debug|Any CPU.ActiveCfg = Debug|Any CPU
		{1A8A46F1-1AF3-46D2-A9BF-E8E1A9B97FC9}.Debug|Any CPU.Build.0 = Debug|Any CPU
		{1A8A46F1-1AF3-46D2-A9BF-E8E1A9B97FC9}.Release|Any CPU.ActiveCfg = Release|Any CPU
		{1A8A46F1-1AF3-46D2-A9BF-E8E1A9B97FC9}.Release|Any CPU.Build.0 = Release|Any CPU
		{A827FAFF-D343-4F08-8463-FAB5E8C571A9}.Debug|Any CPU.ActiveCfg = Debug|Any CPU
		{A827FAFF-D343-4F08-8463-FAB5E8C571A9}.Debug|Any CPU.Build.0 = Debug|Any CPU
		{A827FAFF-D343-4F08-8463-FAB5E8C571A9}.Release|Any CPU.ActiveCfg = Release|Any CPU
		{A827FAFF-D343-4F08-8463-FAB5E8C571A9}.Release|Any CPU.Build.0 = Release|Any CPU
	EndGlobalSection
	GlobalSection(SolutionProperties) = preSolution
		HideSolutionNode = FALSE
	EndGlobalSection
EndGlobal
